
Microsoft Visual Studio Solution File, Format Version 12.00
# Visual Studio 15
VisualStudioVersion = 15.0.28307.168
MinimumVisualStudioVersion = 10.0.40219.1
Project("{FAE04EC0-301F-11D3-BF4B-00C04F79EFBC}") = "FIleUpload", "FIleUpload\FIleUpload.csproj", "{F27C1925-211C-451E-B846-1D98FBD25BE4}"
EndProject
Global
	GlobalSection(SolutionConfigurationPlatforms) = preSolution
		Debug|Any CPU = Debug|Any CPU
		Release|Any CPU = Release|Any CPU
	EndGlobalSection
	GlobalSection(ProjectConfigurationPlatforms) = postSolution
		{F27C1925-211C-451E-B846-1D98FBD25BE4}.Debug|Any CPU.ActiveCfg = Debug|Any CPU
		{F27C1925-211C-451E-B846-1D98FBD25BE4}.Debug|Any CPU.Build.0 = Debug|Any CPU
		{F27C1925-211C-451E-B846-1D98FBD25BE4}.Release|Any CPU.ActiveCfg = Release|Any CPU
		{F27C1925-211C-451E-B846-1D98FBD25BE4}.Release|Any CPU.Build.0 = Release|Any CPU
	EndGlobalSection
	GlobalSection(SolutionProperties) = preSolution
		HideSolutionNode = FALSE
	EndGlobalSection
	GlobalSection(ExtensibilityGlobals) = postSolution
		SolutionGuid = {CE385AE0-1C81-42DF-8B7D-1B72776070F3}
	EndGlobalSection
EndGlobal
